{
  "version": 4,
  "terraform_version": "1.14.7",
  "serial": 12,
  "lineage": "8086b1fb-f6a5-5c30-911d-6281af685445",
  "outputs": {
    "bucket_arn": {
      "value": "arn:aws:s3:::mlops-artifacts-dev-bucket",
      "type": "string"
    },
    "bucket_name": {
      "value": "mlops-artifacts-dev-bucket",
      "type": "string"
    },
    "iam_policy_arn": {
      "value": "arn:aws:iam::765916207093:policy/mlops-artifacts-dev-policy",
      "type": "string"
    },
    "iam_role_arn": {
      "value": "arn:aws:iam::765916207093:role/mlops-artifacts-dev-role",
      "type": "string"
    }
  },
  "resources": [
    {
      "mode": "managed",
      "type": "aws_iam_policy",
      "name": "ml_artifacts_policy",
      "provider": "provider[\"registry.terraform.io/hashicorp/aws\"]",
      "instances": [
        {
          "schema_version": 0,
          "attributes": {
            "arn": "arn:aws:iam::765916207093:policy/mlops-artifacts-dev-policy",
            "attachment_count": 1,
            "delay_after_policy_creation_in_ms": null,
            "description": "Allows read and write access to the ML artifacts S3 bucket",
            "id": "arn:aws:iam::765916207093:policy/mlops-artifacts-dev-policy",
            "name": "mlops-artifacts-dev-policy",
            "name_prefix": "",
            "path": "/",
            "policy": "{\"Statement\":[{\"Action\":[\"s3:GetObject\",\"s3:PutObject\",\"s3:DeleteObject\",\"s3:ListBucket\"],\"Effect\":\"Allow\",\"Resource\":[\"arn:aws:s3:::mlops-artifacts-dev-bucket\",\"arn:aws:s3:::mlops-artifacts-dev-bucket/*\"]}],\"Version\":\"2012-10-17\"}",
            "policy_id": "ANPA3EVBJ272XT73QXMOY",
            "tags": {},
            "tags_all": {}
          },
          "sensitive_attributes": [],
          "identity_schema_version": 0,
          "identity": {
            "arn": "arn:aws:iam::765916207093:policy/mlops-artifacts-dev-policy"
          },
          "private": "bnVsbA==",
          "dependencies": [
            "aws_s3_bucket.ml_artifacts"
          ]
        }
      ]
    },
    {
      "mode": "managed",
      "type": "aws_iam_role",
      "name": "ml_role",
      "provider": "provider[\"registry.terraform.io/hashicorp/aws\"]",
      "instances": [
        {
          "schema_version": 0,
          "attributes": {
            "arn": "arn:aws:iam::765916207093:role/mlops-artifacts-dev-role",
            "assume_role_policy": "{\"Statement\":[{\"Action\":\"sts:AssumeRole\",\"Effect\":\"Allow\",\"Principal\":{\"Service\":\"sagemaker.amazonaws.com\"}}],\"Version\":\"2012-10-17\"}",
            "create_date": "2026-03-17T04:28:08Z",
            "description": "",
            "force_detach_policies": false,
            "id": "mlops-artifacts-dev-role",
            "inline_policy": [],
            "managed_policy_arns": [
              "arn:aws:iam::765916207093:policy/mlops-artifacts-dev-policy"
            ],
            "max_session_duration": 3600,
            "name": "mlops-artifacts-dev-role",
            "name_prefix": "",
            "path": "/",
            "permissions_boundary": "",
            "tags": {
              "Environment": "dev",
              "ManagedBy": "terraform",
              "Project": "mlops-artifacts"
            },
            "tags_all": {
              "Environment": "dev",
              "ManagedBy": "terraform",
              "Project": "mlops-artifacts"
            },
            "unique_id": "AROA3EVBJ272SLRGOURVD"
          },
          "sensitive_attributes": [],
          "identity_schema_version": 0,
          "identity": {
            "account_id": "765916207093",
            "name": "mlops-artifacts-dev-role"
          },
          "private": "bnVsbA=="
        }
      ]
    },
    {
      "mode": "managed",
      "type": "aws_iam_role_policy_attachment",
      "name": "ml_role_policy_attachment",
      "provider": "provider[\"registry.terraform.io/hashicorp/aws\"]",
      "instances": [
        {
          "schema_version": 0,
          "attributes": {
            "id": "mlops-artifacts-dev-role/arn:aws:iam::765916207093:policy/mlops-artifacts-dev-policy",
            "policy_arn": "arn:aws:iam::765916207093:policy/mlops-artifacts-dev-policy",
            "role": "mlops-artifacts-dev-role"
          },
          "sensitive_attributes": [],
          "identity_schema_version": 0,
          "identity": {
            "account_id": "765916207093",
            "policy_arn": "arn:aws:iam::765916207093:policy/mlops-artifacts-dev-policy",
            "role": "mlops-artifacts-dev-role"
          },
          "private": "bnVsbA==",
          "dependencies": [
            "aws_iam_policy.ml_artifacts_policy",
            "aws_iam_role.ml_role",
            "aws_s3_bucket.ml_artifacts"
          ]
        }
      ]
    },
    {
      "mode": "managed",
      "type": "aws_s3_bucket",
      "name": "ml_artifacts",
      "provider": "provider[\"registry.terraform.io/hashicorp/aws\"]",
      "instances": [
        {
          "schema_version": 0,
          "attributes": {
            "acceleration_status": "",
            "acl": null,
            "arn": "arn:aws:s3:::mlops-artifacts-dev-bucket",
            "bucket": "mlops-artifacts-dev-bucket",
            "bucket_domain_name": "mlops-artifacts-dev-bucket.s3.amazonaws.com",
            "bucket_prefix": "",
            "bucket_region": "us-east-1",
            "bucket_regional_domain_name": "mlops-artifacts-dev-bucket.s3.us-east-1.amazonaws.com",
            "cors_rule": [],
            "force_destroy": false,
            "grant": [
              {
                "id": "37e802b42e4edaabf272db8deb7e8e666db98fbc5920b737f07cc34615254685",
                "permissions": [
                  "FULL_CONTROL"
                ],
                "type": "CanonicalUser",
                "uri": ""
              }
            ],
            "hosted_zone_id": "Z3AQBSTGFYJSTF",
            "id": "mlops-artifacts-dev-bucket",
            "lifecycle_rule": [
              {
                "abort_incomplete_multipart_upload_days": 0,
                "enabled": true,
                "expiration": [],
                "id": "archive-old-artifacts",
                "noncurrent_version_expiration": [],
                "noncurrent_version_transition": [
                  {
                    "days": 30,
                    "storage_class": "GLACIER"
                  }
                ],
                "prefix": "",
                "tags": {},
                "transition": [
                  {
                    "date": "",
                    "days": 30,
                    "storage_class": "GLACIER"
                  }
                ]
              }
            ],
            "logging": [],
            "object_lock_configuration": [],
            "object_lock_enabled": false,
            "policy": "",
            "region": "us-east-1",
            "replication_configuration": [],
            "request_payer": "BucketOwner",
            "server_side_encryption_configuration": [
              {
                "rule": [
                  {
                    "apply_server_side_encryption_by_default": [
                      {
                        "kms_master_key_id": "",
                        "sse_algorithm": "AES256"
                      }
                    ],
                    "bucket_key_enabled": false
                  }
                ]
              }
            ],
            "tags": {
              "Environment": "dev",
              "ManagedBy": "terraform",
              "Name": "mlops-artifacts-dev-bucket",
              "Project": "mlops-artifacts"
            },
            "tags_all": {
              "Environment": "dev",
              "ManagedBy": "terraform",
              "Name": "mlops-artifacts-dev-bucket",
              "Project": "mlops-artifacts"
            },
            "timeouts": null,
            "versioning": [
              {
                "enabled": true,
                "mfa_delete": false
              }
            ],
            "website": [],
            "website_domain": null,
            "website_endpoint": null
          },
          "sensitive_attributes": [],
          "identity_schema_version": 0,
          "identity": {
            "account_id": "765916207093",
            "bucket": "mlops-artifacts-dev-bucket",
            "region": "us-east-1"
          },
          "private": "eyJlMmJmYjczMC1lY2FhLTExZTYtOGY4OC0zNDM2M2JjN2M0YzAiOnsiY3JlYXRlIjoxMjAwMDAwMDAwMDAwLCJkZWxldGUiOjM2MDAwMDAwMDAwMDAsInJlYWQiOjEyMDAwMDAwMDAwMDAsInVwZGF0ZSI6MTIwMDAwMDAwMDAwMH19"
        }
      ]
    },
    {
      "mode": "managed",
      "type": "aws_s3_bucket_lifecycle_configuration",
      "name": "ml_artifacts_lifecycle",
      "provider": "provider[\"registry.terraform.io/hashicorp/aws\"]",
      "instances": [
        {
          "schema_version": 1,
          "attributes": {
            "bucket": "mlops-artifacts-dev-bucket",
            "expected_bucket_owner": "",
            "id": "mlops-artifacts-dev-bucket",
            "region": "us-east-1",
            "rule": [
              {
                "abort_incomplete_multipart_upload": [],
                "expiration": [],
                "filter": [],
                "id": "archive-old-artifacts",
                "noncurrent_version_expiration": [],
                "noncurrent_version_transition": [
                  {
                    "newer_noncurrent_versions": null,
                    "noncurrent_days": 30,
                    "storage_class": "GLACIER"
                  }
                ],
                "prefix": "",
                "status": "Enabled",
                "transition": [
                  {
                    "date": null,
                    "days": 30,
                    "storage_class": "GLACIER"
                  }
                ]
              }
            ],
            "timeouts": null,
            "transition_default_minimum_object_size": "all_storage_classes_128K"
          },
          "sensitive_attributes": [],
          "identity_schema_version": 0,
          "identity": {
            "account_id": "765916207093",
            "bucket": "mlops-artifacts-dev-bucket",
            "region": "us-east-1"
          },
          "dependencies": [
            "aws_s3_bucket.ml_artifacts",
            "aws_s3_bucket_versioning.ml_artifacts_versioning"
          ]
        }
      ]
    },
    {
      "mode": "managed",
      "type": "aws_s3_bucket_versioning",
      "name": "ml_artifacts_versioning",
      "provider": "provider[\"registry.terraform.io/hashicorp/aws\"]",
      "instances": [
        {
          "schema_version": 0,
          "attributes": {
            "bucket": "mlops-artifacts-dev-bucket",
            "expected_bucket_owner": "",
            "id": "mlops-artifacts-dev-bucket",
            "mfa": null,
            "region": "us-east-1",
            "versioning_configuration": [
              {
                "mfa_delete": "",
                "status": "Enabled"
              }
            ]
          },
          "sensitive_attributes": [],
          "identity_schema_version": 1,
          "identity": {
            "account_id": "765916207093",
            "bucket": "mlops-artifacts-dev-bucket",
            "region": "us-east-1"
          },
          "private": "bnVsbA==",
          "dependencies": [
            "aws_s3_bucket.ml_artifacts"
          ]
        }
      ]
    }
  ],
  "check_results": null
}
